
Microsoft Visual Studio Solution File, Format Version 12.00
# Visual Studio Version 17
VisualStudioVersion = 17.9.34622.214
MinimumVisualStudioVersion = 10.0.40219.1
Project("{FAE04EC0-301F-11D3-BF4B-00C04F79EFBC}") = "ModsenArray", "ModsenArray\ModsenArray.csproj", "{9A00CFFE-8B04-46EB-B946-F423D0A6BC9C}"
EndProject
Global
	GlobalSection(SolutionConfigurationPlatforms) = preSolution
		Debug|Any CPU = Debug|Any CPU
		Release|Any CPU = Release|Any CPU
	EndGlobalSection
	GlobalSection(ProjectConfigurationPlatforms) = postSolution
		{9A00CFFE-8B04-46EB-B946-F423D0A6BC9C}.Debug|Any CPU.ActiveCfg = Debug|Any CPU
		{9A00CFFE-8B04-46EB-B946-F423D0A6BC9C}.Debug|Any CPU.Build.0 = Debug|Any CPU
		{9A00CFFE-8B04-46EB-B946-F423D0A6BC9C}.Release|Any CPU.ActiveCfg = Release|Any CPU
		{9A00CFFE-8B04-46EB-B946-F423D0A6BC9C}.Release|Any CPU.Build.0 = Release|Any CPU
	EndGlobalSection
	GlobalSection(SolutionProperties) = preSolution
		HideSolutionNode = FALSE
	EndGlobalSection
	GlobalSection(ExtensibilityGlobals) = postSolution
		SolutionGuid = {8845D26E-10CF-4000-90A2-8412B941907D}
	EndGlobalSection
EndGlobal
